
Microsoft Visual Studio Solution File, Format Version 12.00
# Visual Studio Version 16
VisualStudioVersion = 16.0.28729.10
MinimumVisualStudioVersion = 10.0.40219.1
Project("{FAE04EC0-301F-11D3-BF4B-00C04F79EFBC}") = "CalculatorLib", "CalculatorLib.csproj", "{46081443-CE98-48D0-8AFD-41886FD2ED0F}"
EndProject
Project("{FAE04EC0-301F-11D3-BF4B-00C04F79EFBC}") = "CalculatorLib.Tests", "..\CalculatorLib.Tests\CalculatorLib.Tests.csproj", "{91CDD7BF-8429-4002-986B-A5F12D6A90A8}"
EndProject
Project("{FAE04EC0-301F-11D3-BF4B-00C04F79EFBC}") = "MathLibrary", "..\MathLibrary\MathLibrary.csproj", "{048894FD-E1A9-47BE-AF6E-4E29A6EDF8A9}"
EndProject
Project("{FAE04EC0-301F-11D3-BF4B-00C04F79EFBC}") = "MathLibrary.Tests", "..\ClassLibrary1\MathLibrary.Tests.csproj", "{F2BD350D-57D0-4ADB-9CD1-C40BE74B8B5E}"
EndProject
Global
	GlobalSection(SolutionConfigurationPlatforms) = preSolution
		Debug|Any CPU = Debug|Any CPU
		Release|Any CPU = Release|Any CPU
	EndGlobalSection
	GlobalSection(ProjectConfigurationPlatforms) = postSolution
		{46081443-CE98-48D0-8AFD-41886FD2ED0F}.Debug|Any CPU.ActiveCfg = Debug|Any CPU
		{46081443-CE98-48D0-8AFD-41886FD2ED0F}.Debug|Any CPU.Build.0 = Debug|Any CPU
		{46081443-CE98-48D0-8AFD-41886FD2ED0F}.Release|Any CPU.ActiveCfg = Release|Any CPU
		{46081443-CE98-48D0-8AFD-41886FD2ED0F}.Release|Any CPU.Build.0 = Release|Any CPU
		{91CDD7BF-8429-4002-986B-A5F12D6A90A8}.Debug|Any CPU.ActiveCfg = Debug|Any CPU
		{91CDD7BF-8429-4002-986B-A5F12D6A90A8}.Debug|Any CPU.Build.0 = Debug|Any CPU
		{91CDD7BF-8429-4002-986B-A5F12D6A90A8}.Release|Any CPU.ActiveCfg = Release|Any CPU
		{91CDD7BF-8429-4002-986B-A5F12D6A90A8}.Release|Any CPU.Build.0 = Release|Any CPU
		{048894FD-E1A9-47BE-AF6E-4E29A6EDF8A9}.Debug|Any CPU.ActiveCfg = Debug|Any CPU
		{048894FD-E1A9-47BE-AF6E-4E29A6EDF8A9}.Debug|Any CPU.Build.0 = Debug|Any CPU
		{048894FD-E1A9-47BE-AF6E-4E29A6EDF8A9}.Release|Any CPU.ActiveCfg = Release|Any CPU
		{048894FD-E1A9-47BE-AF6E-4E29A6EDF8A9}.Release|Any CPU.Build.0 = Release|Any CPU
		{F2BD350D-57D0-4ADB-9CD1-C40BE74B8B5E}.Debug|Any CPU.ActiveCfg = Debug|Any CPU
		{F2BD350D-57D0-4ADB-9CD1-C40BE74B8B5E}.Debug|Any CPU.Build.0 = Debug|Any CPU
		{F2BD350D-57D0-4ADB-9CD1-C40BE74B8B5E}.Release|Any CPU.ActiveCfg = Release|Any CPU
		{F2BD350D-57D0-4ADB-9CD1-C40BE74B8B5E}.Release|Any CPU.Build.0 = Release|Any CPU
	EndGlobalSection
	GlobalSection(SolutionProperties) = preSolution
		HideSolutionNode = FALSE
	EndGlobalSection
	GlobalSection(ExtensibilityGlobals) = postSolution
		SolutionGuid = {AA4D9CFD-30FE-4CA8-95B4-AE8F86EC2AB0}
	EndGlobalSection
EndGlobal
